
Microsoft Visual Studio Solution File, Format Version 12.00
# Visual Studio Version 16
VisualStudioVersion = 16.0.32630.194
MinimumVisualStudioVersion = 10.0.40219.1
Project("{8BC9CEB8-8B4A-11D0-8D11-00A0C91BC942}") = "DeathFirstSearch_Ep1_Project", "DeathFirstSearch_Ep1_Project.vcxproj", "{9A0FF9C6-8508-4427-8A9F-211D7379F045}"
EndProject
Global
	GlobalSection(SolutionConfigurationPlatforms) = preSolution
		Debug|x64 = Debug|x64
		Debug|x86 = Debug|x86
		Release|x64 = Release|x64
		Release|x86 = Release|x86
	EndGlobalSection
	GlobalSection(ProjectConfigurationPlatforms) = postSolution
		{9A0FF9C6-8508-4427-8A9F-211D7379F045}.Debug|x64.ActiveCfg = Debug|x64
		{9A0FF9C6-8508-4427-8A9F-211D7379F045}.Debug|x64.Build.0 = Debug|x64
		{9A0FF9C6-8508-4427-8A9F-211D7379F045}.Debug|x86.ActiveCfg = Debug|Win32
		{9A0FF9C6-8508-4427-8A9F-211D7379F045}.Debug|x86.Build.0 = Debug|Win32
		{9A0FF9C6-8508-4427-8A9F-211D7379F045}.Release|x64.ActiveCfg = Release|x64
		{9A0FF9C6-8508-4427-8A9F-211D7379F045}.Release|x64.Build.0 = Release|x64
		{9A0FF9C6-8508-4427-8A9F-211D7379F045}.Release|x86.ActiveCfg = Release|Win32
		{9A0FF9C6-8508-4427-8A9F-211D7379F045}.Release|x86.Build.0 = Release|Win32
	EndGlobalSection
	GlobalSection(SolutionProperties) = preSolution
		HideSolutionNode = FALSE
	EndGlobalSection
	GlobalSection(ExtensibilityGlobals) = postSolution
		SolutionGuid = {A3D0FCA2-1767-4CBA-96A8-73001F60F50B}
	EndGlobalSection
EndGlobal
